// !$*UTF8*$!
{
	archiveVersion = 1;
	classes = {
	};
	objectVersion = 50;
	objects = {

/* Begin PBXBuildFile section */
		957DFD91AE1C34B1FED8354F /* Pods_IQKeyboardManagerSwiftProject.framework in Frameworks */ = {isa = PBXBuildFile; fileRef = F33B4ED6D07118DE924454FA /* Pods_IQKeyboardManagerSwiftProject.framework */; };
		CFA144CC22EE8690009DD2FE /* AppDelegate.swift in Sources */ = {isa = PBXBuildFile; fileRef = CFA144CB22EE8690009DD2FE /* AppDelegate.swift */; };
		CFA144CE22EE8690009DD2FE /* ViewController.swift in Sources */ = {isa = PBXBuildFile; fileRef = CFA144CD22EE8690009DD2FE /* ViewController.swift */; };
		CFA144D122EE8690009DD2FE /* Main.storyboard in Resources */ = {isa = PBXBuildFile; fileRef = CFA144CF22EE8690009DD2FE /* Main.storyboard */; };
		CFA144D322EE8692009DD2FE /* Assets.xcassets in Resources */ = {isa = PBXBuildFile; fileRef = CFA144D222EE8692009DD2FE /* Assets.xcassets */; };
		CFA144D622EE8692009DD2FE /* LaunchScreen.storyboard in Resources */ = {isa = PBXBuildFile; fileRef = CFA144D422EE8692009DD2FE /* LaunchScreen.storyboard */; };
/* End PBXBuildFile section */

/* Begin PBXFileReference section */
		1743D36B2284F75231B2D929 /* Pods-IQKeyboardManagerSwiftProject.release.xcconfig */ = {isa = PBXFileReference; includeInIndex = 1; lastKnownFileType = text.xcconfig; name = "Pods-IQKeyboardManagerSwiftProject.release.xcconfig"; path = "Target Support Files/Pods-IQKeyboardManagerSwiftProject/Pods-IQKeyboardManagerSwiftProject.release.xcconfig"; sourceTree = "<group>"; };
		A25373486456A5A68BF804B8 /* Pods-IQKeyboardManagerSwiftProject.debug.xcconfig */ = {isa = PBXFileReference; includeInIndex = 1; lastKnownFileType = text.xcconfig; name = "Pods-IQKeyboardManagerSwiftProject.debug.xcconfig"; path = "Target Support Files/Pods-IQKeyboardManagerSwiftProject/Pods-IQKeyboardManagerSwiftProject.debug.xcconfig"; sourceTree = "<group>"; };
		CFA144C822EE8690009DD2FE /* IQKeyboardManagerSwiftProject.app */ = {isa = PBXFileReference; explicitFileType = wrapper.application; includeInIndex = 0; path = IQKeyboardManagerSwiftProject.app; sourceTree = BUILT_PRODUCTS_DIR; };
		CFA144CB22EE8690009DD2FE /* AppDelegate.swift */ = {isa = PBXFileReference; lastKnownFileType = sourcecode.swift; path = AppDelegate.swift; sourceTree = "<group>"; };
		CFA144CD22EE8690009DD2FE /* ViewController.swift */ = {isa = PBXFileReference; lastKnownFileType = sourcecode.swift; path = ViewController.swift; sourceTree = "<group>"; };
		CFA144D022EE8690009DD2FE /* Base */ = {isa = PBXFileReference; lastKnownFileType = file.storyboard; name = Base; path = Base.lproj/Main.storyboard; sourceTree = "<group>"; };
		CFA144D222EE8692009DD2FE /* Assets.xcassets */ = {isa = PBXFileReference; lastKnownFileType = folder.assetcatalog; path = Assets.xcassets; sourceTree = "<group>"; };
		CFA144D522EE8692009DD2FE /* Base */ = {isa = PBXFileReference; lastKnownFileType = file.storyboard; name = Base; path = Base.lproj/LaunchScreen.storyboard; sourceTree = "<group>"; };
		CFA144D722EE8692009DD2FE /* Info.plist */ = {isa = PBXFileReference; lastKnownFileType = text.plist.xml; path = Info.plist; sourceTree = "<group>"; };
		F33B4ED6D07118DE924454FA /* Pods_IQKeyboardManagerSwiftProject.framework */ = {isa = PBXFileReference; explicitFileType = wrapper.framework; includeInIndex = 0; path = Pods_IQKeyboardManagerSwiftProject.framework; sourceTree = BUILT_PRODUCTS_DIR; };
/* End PBXFileReference section */

/* Begin PBXFrameworksBuildPhase section */
		CFA144C522EE8690009DD2FE /* Frameworks */ = {
			isa = PBXFrameworksBuildPhase;
			buildActionMask = 2147483647;
			files = (
				957DFD91AE1C34B1FED8354F /* Pods_IQKeyboardManagerSwiftProject.framework in Frameworks */,
			);
			runOnlyForDeploymentPostprocessing = 0;
		};
/* End PBXFrameworksBuildPhase section */

/* Begin PBXGroup section */
		0F2062BA319FB9895E686B3C /* Pods */ = {
			isa = PBXGroup;
			children = (
				A25373486456A5A68BF804B8 /* Pods-IQKeyboardManagerSwiftProject.debug.xcconfig */,
				1743D36B2284F75231B2D929 /* Pods-IQKeyboardManagerSwiftProject.release.xcconfig */,
			);
			name = Pods;
			path = Pods;
			sourceTree = "<group>";
		};
		8ECE6689ECC67B8D41836994 /* Frameworks */ = {
			isa = PBXGroup;
			children = (
				F33B4ED6D07118DE924454FA /* Pods_IQKeyboardManagerSwiftProject.framework */,
			);
			name = Frameworks;
			sourceTree = "<group>";
		};
		CFA144BF22EE8690009DD2FE = {
			isa = PBXGroup;
			children = (
				CFA144CA22EE8690009DD2FE /* IQKeyboardManagerSwiftProject */,
				CFA144C922EE8690009DD2FE /* Products */,
				0F2062BA319FB9895E686B3C /* Pods */,
				8ECE6689ECC67B8D41836994 /* Frameworks */,
			);
			sourceTree = "<group>";
		};
		CFA144C922EE8690009DD2FE /* Products */ = {
			isa = PBXGroup;
			children = (
				CFA144C822EE8690009DD2FE /* IQKeyboardManagerSwiftProject.app */,
			);
			name = Products;
			sourceTree = "<group>";
		};
		CFA144CA22EE8690009DD2FE /* IQKeyboardManagerSwiftProject */ = {
			isa = PBXGroup;
			children = (
				CFA144CB22EE8690009DD2FE /* AppDelegate.swift */,
				CFA144CD22EE8690009DD2FE /* ViewController.swift */,
				CFA144CF22EE8690009DD2FE /* Main.storyboard */,
				CFA144D222EE8692009DD2FE /* Assets.xcassets */,
				CFA144D422EE8692009DD2FE /* LaunchScreen.storyboard */,
				CFA144D722EE8692009DD2FE /* Info.plist */,
			);
			path = IQKeyboardManagerSwiftProject;
			sourceTree = "<group>";
		};
/* End PBXGroup section */

/* Begin PBXNativeTarget section */
		CFA144C722EE8690009DD2FE /* IQKeyboardManagerSwiftProject */ = {
			isa = PBXNativeTarget;
			buildConfigurationList = CFA144DA22EE8692009DD2FE /* Build configuration list for PBXNativeTarget "IQKeyboardManagerSwiftProject" */;
			buildPhases = (
				7BF636087ACA59685FB7B8ED /* [CP] Check Pods Manifest.lock */,
				CFA144C422EE8690009DD2FE /* Sources */,
				CFA144C522EE8690009DD2FE /* Frameworks */,
				CFA144C622EE8690009DD2FE /* Resources */,
				6B8F1D9B07B2C864101025E4 /* [CP] Embed Pods Frameworks */,
			);
			buildRules = (
			);
			dependencies = (
			);
			name = IQKeyboardManagerSwiftProject;
			productName = IQKeyboardManagerSwiftProject;
			productReference = CFA144C822EE8690009DD2FE /* IQKeyboardManagerSwiftProject.app */;
			productType = "com.apple.product-type.application";
		};
/* End PBXNativeTarget section */

/* Begin PBXProject section */
		CFA144C022EE8690009DD2FE /* Project object */ = {
			isa = PBXProject;
			attributes = {
				LastSwiftUpdateCheck = 1030;
				LastUpgradeCheck = 1030;
				ORGANIZATIONNAME = "星みちる";
				TargetAttributes = {
					CFA144C722EE8690009DD2FE = {
						CreatedOnToolsVersion = 10.3;
					};
				};
			};
			buildConfigurationList = CFA144C322EE8690009DD2FE /* Build configuration list for PBXProject "IQKeyboardManagerSwiftProject" */;
			compatibilityVersion = "Xcode 9.3";
			developmentRegion = en;
			hasScannedForEncodings = 0;
			knownRegions = (
				en,
				Base,
			);
			mainGroup = CFA144BF22EE8690009DD2FE;
			productRefGroup = CFA144C922EE8690009DD2FE /* Products */;
			projectDirPath = "";
			projectRoot = "";
			targets = (
				CFA144C722EE8690009DD2FE /* IQKeyboardManagerSwiftProject */,
			);
		};
/* End PBXProject section */

/* Begin PBXResourcesBuildPhase section */
		CFA144C622EE8690009DD2FE /* Resources */ = {
			isa = PBXResourcesBuildPhase;
			buildActionMask = 2147483647;
			files = (
				CFA144D622EE8692009DD2FE /* LaunchScreen.storyboard in Resources */,
				CFA144D322EE8692009DD2FE /* Assets.xcassets in Resources */,
				CFA144D122EE8690009DD2FE /* Main.storyboard in Resources */,
			);
			runOnlyForDeploymentPostprocessing = 0;
		};
/* End PBXResourcesBuildPhase section */

/* Begin PBXShellScriptBuildPhase section */
		6B8F1D9B07B2C864101025E4 /* [CP] Embed Pods Frameworks */ = {
			isa = PBXShellScriptBuildPhase;
			buildActionMask = 2147483647;
			files = (
			);
			inputFileListPaths = (
				"${PODS_ROOT}/Target Support Files/Pods-IQKeyboardManagerSwiftProject/Pods-IQKeyboardManagerSwiftProject-frameworks-${CONFIGURATION}-input-files.xcfilelist",
			);
			name = "[CP] Embed Pods Frameworks";
			outputFileListPaths = (
				"${PODS_ROOT}/Target Support Files/Pods-IQKeyboardManagerSwiftProject/Pods-IQKeyboardManagerSwiftProject-frameworks-${CONFIGURATION}-output-files.xcfilelist",
			);
			runOnlyForDeploymentPostprocessing = 0;
			shellPath = /bin/sh;
			shellScript = "\"${PODS_ROOT}/Target Support Files/Pods-IQKeyboardManagerSwiftProject/Pods-IQKeyboardManagerSwiftProject-frameworks.sh\"\n";
			showEnvVarsInLog = 0;
		};
		7BF636087ACA59685FB7B8ED /* [CP] Check Pods Manifest.lock */ = {
			isa = PBXShellScriptBuildPhase;
			buildActionMask = 2147483647;
			files = (
			);
			inputFileListPaths = (
			);
			inputPaths = (
				"${PODS_PODFILE_DIR_PATH}/Podfile.lock",
				"${PODS_ROOT}/Manifest.lock",
			);
			name = "[CP] Check Pods Manifest.lock";
			outputFileListPaths = (
			);
			outputPaths = (
				"$(DERIVED_FILE_DIR)/Pods-IQKeyboardManagerSwiftProject-checkManifestLockResult.txt",
			);
			runOnlyForDeploymentPostprocessing = 0;
			shellPath = /bin/sh;
			shellScript = "diff \"${PODS_PODFILE_DIR_PATH}/Podfile.lock\" \"${PODS_ROOT}/Manifest.lock\" > /dev/null\nif [ $? != 0 ] ; then\n    # print error to STDERR\n    echo \"error: The sandbox is not in sync with the Podfile.lock. Run 'pod install' or update your CocoaPods installation.\" >&2\n    exit 1\nfi\n# This output is used by Xcode 'outputs' to avoid re-running this script phase.\necho \"SUCCESS\" > \"${SCRIPT_OUTPUT_FILE_0}\"\n";
			showEnvVarsInLog = 0;
		};
/* End PBXShellScriptBuildPhase section */

/* Begin PBXSourcesBuildPhase section */
		CFA144C422EE8690009DD2FE /* Sources */ = {
			isa = PBXSourcesBuildPhase;
			buildActionMask = 2147483647;
			files = (
				CFA144CE22EE8690009DD2FE /* ViewController.swift in Sources */,
				CFA144CC22EE8690009DD2FE /* AppDelegate.swift in Sources */,
			);
			runOnlyForDeploymentPostprocessing = 0;
		};
/* End PBXSourcesBuildPhase section */

/* Begin PBXVariantGroup section */
		CFA144CF22EE8690009DD2FE /* Main.storyboard */ = {
			isa = PBXVariantGroup;
			children = (
				CFA144D022EE8690009DD2FE /* Base */,
			);
			name = Main.storyboard;
			sourceTree = "<group>";
		};
		CFA144D422EE8692009DD2FE /* LaunchScreen.storyboard */ = {
			isa = PBXVariantGroup;
			children = (
				CFA144D522EE8692009DD2FE /* Base */,
			);
			name = LaunchScreen.storyboard;
			sourceTree = "<group>";
		};
/* End PBXVariantGroup section */

/* Begin XCBuildConfiguration section */
		CFA144D822EE8692009DD2FE /* Debug */ = {
			isa = XCBuildConfiguration;
			buildSettings = {
				ALWAYS_SEARCH_USER_PATHS = NO;
				CLANG_ANALYZER_NONNULL = YES;
				CLANG_ANALYZER_NUMBER_OBJECT_CONVERSION = YES_AGGRESSIVE;
				CLANG_CXX_LANGUAGE_STANDARD = "gnu++14";
				CLANG_CXX_LIBRARY = "libc++";
				CLANG_ENABLE_MODULES = YES;
				CLANG_ENABLE_OBJC_ARC = YES;
				CLANG_ENABLE_OBJC_WEAK = YES;
				CLANG_WARN_BLOCK_CAPTURE_AUTORELEASING = YES;
				CLANG_WARN_BOOL_CONVERSION = YES;
				CLANG_WARN_COMMA = YES;
				CLANG_WARN_CONSTANT_CONVERSION = YES;
				CLANG_WARN_DEPRECATED_OBJC_IMPLEMENTATIONS = YES;
				CLANG_WARN_DIRECT_OBJC_ISA_USAGE = YES_ERROR;
				CLANG_WARN_DOCUMENTATION_COMMENTS = YES;
				CLANG_WARN_EMPTY_BODY = YES;
				CLANG_WARN_ENUM_CONVERSION = YES;
				CLANG_WARN_INFINITE_RECURSION = YES;
				CLANG_WARN_INT_CONVERSION = YES;
				CLANG_WARN_NON_LITERAL_NULL_CONVERSION = YES;
				CLANG_WARN_OBJC_IMPLICIT_RETAIN_SELF = YES;
				CLANG_WARN_OBJC_LITERAL_CONVERSION = YES;
				CLANG_WARN_OBJC_ROOT_CLASS = YES_ERROR;
				CLANG_WARN_RANGE_LOOP_ANALYSIS = YES;
				CLANG_WARN_STRICT_PROTOTYPES = YES;
				CLANG_WARN_SUSPICIOUS_MOVE = YES;
				CLANG_WARN_UNGUARDED_AVAILABILITY = YES_AGGRESSIVE;
				CLANG_WARN_UNREACHABLE_CODE = YES;
				CLANG_WARN__DUPLICATE_METHOD_MATCH = YES;
				CODE_SIGN_IDENTITY = "iPhone Developer";
				COPY_PHASE_STRIP = NO;
				DEBUG_INFORMATION_FORMAT = dwarf;
				ENABLE_STRICT_OBJC_MSGSEND = YES;
				ENABLE_TESTABILITY = YES;
				GCC_C_LANGUAGE_STANDARD = gnu11;
				GCC_DYNAMIC_NO_PIC = NO;
				GCC_NO_COMMON_BLOCKS = YES;
				GCC_OPTIMIZATION_LEVEL = 0;
				GCC_PREPROCESSOR_DEFINITIONS = (
					"DEBUG=1",
					"$(inherited)",
				);
				GCC_WARN_64_TO_32_BIT_CONVERSION = YES;
				GCC_WARN_ABOUT_RETURN_TYPE = YES_ERROR;
				GCC_WARN_UNDECLARED_SELECTOR = YES;
				GCC_WARN_UNINITIALIZED_AUTOS = YES_AGGRESSIVE;
				GCC_WARN_UNUSED_FUNCTION = YES;
				GCC_WARN_UNUSED_VARIABLE = YES;
				IPHONEOS_DEPLOYMENT_TARGET = 12.4;
				MTL_ENABLE_DEBUG_INFO = INCLUDE_SOURCE;
				MTL_FAST_MATH = YES;
				ONLY_ACTIVE_ARCH = YES;
				SDKROOT = iphoneos;
				SWIFT_ACTIVE_COMPILATION_CONDITIONS = DEBUG;
				SWIFT_OPTIMIZATION_LEVEL = "-Onone";
			};
			name = Debug;
		};
		CFA144D922EE8692009DD2FE /* Release */ = {
			isa = XCBuildConfiguration;
			buildSettings = {
				ALWAYS_SEARCH_USER_PATHS = NO;
				CLANG_ANALYZER_NONNULL = YES;
				CLANG_ANALYZER_NUMBER_OBJECT_CONVERSION = YES_AGGRESSIVE;
				CLANG_CXX_LANGUAGE_STANDARD = "gnu++14";
				CLANG_CXX_LIBRARY = "libc++";
				CLANG_ENABLE_MODULES = YES;
				CLANG_ENABLE_OBJC_ARC = YES;
				CLANG_ENABLE_OBJC_WEAK = YES;
				CLANG_WARN_BLOCK_CAPTURE_AUTORELEASING = YES;
				CLANG_WARN_BOOL_CONVERSION = YES;
				CLANG_WARN_COMMA = YES;
				CLANG_WARN_CONSTANT_CONVERSION = YES;
				CLANG_WARN_DEPRECATED_OBJC_IMPLEMENTATIONS = YES;
				CLANG_WARN_DIRECT_OBJC_ISA_USAGE = YES_ERROR;
				CLANG_WARN_DOCUMENTATION_COMMENTS = YES;
				CLANG_WARN_EMPTY_BODY = YES;
				CLANG_WARN_ENUM_CONVERSION = YES;
				CLANG_WARN_INFINITE_RECURSION = YES;
				CLANG_WARN_INT_CONVERSION = YES;
				CLANG_WARN_NON_LITERAL_NULL_CONVERSION = YES;
				CLANG_WARN_OBJC_IMPLICIT_RETAIN_SELF = YES;
				CLANG_WARN_OBJC_LITERAL_CONVERSION = YES;
				CLANG_WARN_OBJC_ROOT_CLASS = YES_ERROR;
				CLANG_WARN_RANGE_LOOP_ANALYSIS = YES;
				CLANG_WARN_STRICT_PROTOTYPES = YES;
				CLANG_WARN_SUSPICIOUS_MOVE = YES;
				CLANG_WARN_UNGUARDED_AVAILABILITY = YES_AGGRESSIVE;
				CLANG_WARN_UNREACHABLE_CODE = YES;
				CLANG_WARN__DUPLICATE_METHOD_MATCH = YES;
				CODE_SIGN_IDENTITY = "iPhone Developer";
				COPY_PHASE_STRIP = NO;
				DEBUG_INFORMATION_FORMAT = "dwarf-with-dsym";
				ENABLE_NS_ASSERTIONS = NO;
				ENABLE_STRICT_OBJC_MSGSEND = YES;
				GCC_C_LANGUAGE_STANDARD = gnu11;
				GCC_NO_COMMON_BLOCKS = YES;
				GCC_WARN_64_TO_32_BIT_CONVERSION = YES;
				GCC_WARN_ABOUT_RETURN_TYPE = YES_ERROR;
				GCC_WARN_UNDECLARED_SELECTOR = YES;
				GCC_WARN_UNINITIALIZED_AUTOS = YES_AGGRESSIVE;
				GCC_WARN_UNUSED_FUNCTION = YES;
				GCC_WARN_UNUSED_VARIABLE = YES;
				IPHONEOS_DEPLOYMENT_TARGET = 12.4;
				MTL_ENABLE_DEBUG_INFO = NO;
				MTL_FAST_MATH = YES;
				SDKROOT = iphoneos;
				SWIFT_COMPILATION_MODE = wholemodule;
				SWIFT_OPTIMIZATION_LEVEL = "-O";
				VALIDATE_PRODUCT = YES;
			};
			name = Release;
		};
		CFA144DB22EE8692009DD2FE /* Debug */ = {
			isa = XCBuildConfiguration;
			baseConfigurationReference = A25373486456A5A68BF804B8 /* Pods-IQKeyboardManagerSwiftProject.debug.xcconfig */;
			buildSettings = {
				ASSETCATALOG_COMPILER_APPICON_NAME = AppIcon;
				CODE_SIGN_STYLE = Automatic;
				DEVELOPMENT_TEAM = T3JJMLVQ43;
				INFOPLIST_FILE = IQKeyboardManagerSwiftProject/Info.plist;
				LD_RUNPATH_SEARCH_PATHS = (
					"$(inherited)",
					"@executable_path/Frameworks",
				);
				PRODUCT_BUNDLE_IDENTIFIER = myself.IQKeyboardManagerSwiftProject;
				PRODUCT_NAME = "$(TARGET_NAME)";
				SWIFT_VERSION = 5.0;
				TARGETED_DEVICE_FAMILY = "1,2";
			};
			name = Debug;
		};
		CFA144DC22EE8692009DD2FE /* Release */ = {
			isa = XCBuildConfiguration;
			baseConfigurationReference = 1743D36B2284F75231B2D929 /* Pods-IQKeyboardManagerSwiftProject.release.xcconfig */;
			buildSettings = {
				ASSETCATALOG_COMPILER_APPICON_NAME = AppIcon;
				CODE_SIGN_STYLE = Automatic;
				DEVELOPMENT_TEAM = T3JJMLVQ43;
				INFOPLIST_FILE = IQKeyboardManagerSwiftProject/Info.plist;
				LD_RUNPATH_SEARCH_PATHS = (
					"$(inherited)",
					"@executable_path/Frameworks",
				);
				PRODUCT_BUNDLE_IDENTIFIER = myself.IQKeyboardManagerSwiftProject;
				PRODUCT_NAME = "$(TARGET_NAME)";
				SWIFT_VERSION = 5.0;
				TARGETED_DEVICE_FAMILY = "1,2";
			};
			name = Release;
		};
/* End XCBuildConfiguration section */

/* Begin XCConfigurationList section */
		CFA144C322EE8690009DD2FE /* Build configuration list for PBXProject "IQKeyboardManagerSwiftProject" */ = {
			isa = XCConfigurationList;
			buildConfigurations = (
				CFA144D822EE8692009DD2FE /* Debug */,
				CFA144D922EE8692009DD2FE /* Release */,
			);
			defaultConfigurationIsVisible = 0;
			defaultConfigurationName = Release;
		};
		CFA144DA22EE8692009DD2FE /* Build configuration list for PBXNativeTarget "IQKeyboardManagerSwiftProject" */ = {
			isa = XCConfigurationList;
			buildConfigurations = (
				CFA144DB22EE8692009DD2FE /* Debug */,
				CFA144DC22EE8692009DD2FE /* Release */,
			);
			defaultConfigurationIsVisible = 0;
			defaultConfigurationName = Release;
		};
/* End XCConfigurationList section */
	};
	rootObject = CFA144C022EE8690009DD2FE /* Project object */;
}
